
Microsoft Visual Studio Solution File, Format Version 12.00
# Visual Studio 2012
Project("{2150E333-8FDC-42A3-9474-1A3956D46DE8}") = "Libraries", "Libraries", "{C3AF30B0-68AD-484D-B714-6DFFA9A10BC9}"
EndProject
Project("{FAE04EC0-301F-11D3-BF4B-00C04F79EFBC}") = "RenormGroups", "Libraries\RenormGroups\RenormGroups.csproj", "{43AE0962-0460-4BA1-B044-15959D1EE165}"
EndProject
Project("{2150E333-8FDC-42A3-9474-1A3956D46DE8}") = "UI", "UI", "{908408D4-D744-4AA7-B914-8EB691EA6867}"
EndProject
Project("{FAE04EC0-301F-11D3-BF4B-00C04F79EFBC}") = "RGUI", "UI\RGUI\RGUI.csproj", "{0D18F413-ADDF-4B4B-B4BF-E01C52BC8971}"
EndProject
Project("{FAE04EC0-301F-11D3-BF4B-00C04F79EFBC}") = "RenormGroups.Processing", "Libraries\RenormGroups.Processing\RenormGroups.Processing.csproj", "{A379BD75-641E-45B2-9C10-86BA5388313C}"
EndProject
Project("{FAE04EC0-301F-11D3-BF4B-00C04F79EFBC}") = "RenormGroups.Configuration", "Libraries\RenormGroups.Configuration\RenormGroups.Configuration.csproj", "{F1E0EEA3-1801-4F38-B7B9-E3ECDBF3978F}"
EndProject
Project("{FAE04EC0-301F-11D3-BF4B-00C04F79EFBC}") = "rg", "UI\rg\rg.csproj", "{278039E8-96C0-465F-8595-69F414D750B8}"
EndProject
Project("{FAE04EC0-301F-11D3-BF4B-00C04F79EFBC}") = "RGLinesReverse", "UI\RGLines\RGLinesReverse.csproj", "{8474DDB7-3B73-4117-8B4F-66C088FF944F}"
EndProject
Project("{FAE04EC0-301F-11D3-BF4B-00C04F79EFBC}") = "RgLib", "Libraries\RgLib\RgLib.csproj", "{6286F950-CC88-493A-8139-84F3A3BF3A04}"
EndProject
Project("{FAE04EC0-301F-11D3-BF4B-00C04F79EFBC}") = "RGLinesDirect", "UI\RGLinesDirect\RGLinesDirect.csproj", "{824CC8FB-4F88-4E5F-959C-DEFCB3F03710}"
EndProject
Project("{FAE04EC0-301F-11D3-BF4B-00C04F79EFBC}") = "DynamicSystem", "UI\DClick\DynamicSystem\DynamicSystem.csproj", "{2A811637-E4F3-4B69-9D43-193E0F67B004}"
EndProject
Project("{FAE04EC0-301F-11D3-BF4B-00C04F79EFBC}") = "ReverseTransformC0C1", "UI\ReverseTransformC0C1\ReverseTransformC0C1.csproj", "{469CA298-3F34-43E3-9BC2-9EF313351837}"
EndProject
Project("{FAE04EC0-301F-11D3-BF4B-00C04F79EFBC}") = "ReverseTransformC0C2", "UI\ReverseTransformC0C2\ReverseTransformC0C2.csproj", "{DB437030-BC7C-4B70-855C-1736F704C3F6}"
EndProject
Project("{FAE04EC0-301F-11D3-BF4B-00C04F79EFBC}") = "ReverseTransformC1C2", "UI\ReverseTransformC1C2\ReverseTransformC1C2.csproj", "{C022C860-39E7-46C7-B2B1-B704B9DD4FFB}"
EndProject
Global
	GlobalSection(SolutionConfigurationPlatforms) = preSolution
		Debug|Any CPU = Debug|Any CPU
		Debug|Mixed Platforms = Debug|Mixed Platforms
		Debug|x64 = Debug|x64
		Debug|x86 = Debug|x86
		Release|Any CPU = Release|Any CPU
		Release|Mixed Platforms = Release|Mixed Platforms
		Release|x64 = Release|x64
		Release|x86 = Release|x86
	EndGlobalSection
	GlobalSection(ProjectConfigurationPlatforms) = postSolution
		{43AE0962-0460-4BA1-B044-15959D1EE165}.Debug|Any CPU.ActiveCfg = Debug|Any CPU
		{43AE0962-0460-4BA1-B044-15959D1EE165}.Debug|Any CPU.Build.0 = Debug|Any CPU
		{43AE0962-0460-4BA1-B044-15959D1EE165}.Debug|Mixed Platforms.ActiveCfg = Debug|Any CPU
		{43AE0962-0460-4BA1-B044-15959D1EE165}.Debug|Mixed Platforms.Build.0 = Debug|Any CPU
		{43AE0962-0460-4BA1-B044-15959D1EE165}.Debug|x64.ActiveCfg = Debug|Any CPU
		{43AE0962-0460-4BA1-B044-15959D1EE165}.Debug|x86.ActiveCfg = Debug|Any CPU
		{43AE0962-0460-4BA1-B044-15959D1EE165}.Release|Any CPU.ActiveCfg = Release|Any CPU
		{43AE0962-0460-4BA1-B044-15959D1EE165}.Release|Any CPU.Build.0 = Release|Any CPU
		{43AE0962-0460-4BA1-B044-15959D1EE165}.Release|Mixed Platforms.ActiveCfg = Release|Any CPU
		{43AE0962-0460-4BA1-B044-15959D1EE165}.Release|Mixed Platforms.Build.0 = Release|Any CPU
		{43AE0962-0460-4BA1-B044-15959D1EE165}.Release|x64.ActiveCfg = Release|Any CPU
		{43AE0962-0460-4BA1-B044-15959D1EE165}.Release|x86.ActiveCfg = Release|Any CPU
		{0D18F413-ADDF-4B4B-B4BF-E01C52BC8971}.Debug|Any CPU.ActiveCfg = Debug|x86
		{0D18F413-ADDF-4B4B-B4BF-E01C52BC8971}.Debug|Mixed Platforms.ActiveCfg = Debug|x86
		{0D18F413-ADDF-4B4B-B4BF-E01C52BC8971}.Debug|Mixed Platforms.Build.0 = Debug|x86
		{0D18F413-ADDF-4B4B-B4BF-E01C52BC8971}.Debug|x64.ActiveCfg = Debug|x86
		{0D18F413-ADDF-4B4B-B4BF-E01C52BC8971}.Debug|x86.ActiveCfg = Debug|x86
		{0D18F413-ADDF-4B4B-B4BF-E01C52BC8971}.Debug|x86.Build.0 = Debug|x86
		{0D18F413-ADDF-4B4B-B4BF-E01C52BC8971}.Release|Any CPU.ActiveCfg = Release|x86
		{0D18F413-ADDF-4B4B-B4BF-E01C52BC8971}.Release|Mixed Platforms.ActiveCfg = Release|x86
		{0D18F413-ADDF-4B4B-B4BF-E01C52BC8971}.Release|Mixed Platforms.Build.0 = Release|x86
		{0D18F413-ADDF-4B4B-B4BF-E01C52BC8971}.Release|x64.ActiveCfg = Release|x86
		{0D18F413-ADDF-4B4B-B4BF-E01C52BC8971}.Release|x86.ActiveCfg = Release|x86
		{0D18F413-ADDF-4B4B-B4BF-E01C52BC8971}.Release|x86.Build.0 = Release|x86
		{A379BD75-641E-45B2-9C10-86BA5388313C}.Debug|Any CPU.ActiveCfg = Debug|Any CPU
		{A379BD75-641E-45B2-9C10-86BA5388313C}.Debug|Any CPU.Build.0 = Debug|Any CPU
		{A379BD75-641E-45B2-9C10-86BA5388313C}.Debug|Mixed Platforms.ActiveCfg = Debug|Any CPU
		{A379BD75-641E-45B2-9C10-86BA5388313C}.Debug|Mixed Platforms.Build.0 = Debug|Any CPU
		{A379BD75-641E-45B2-9C10-86BA5388313C}.Debug|x64.ActiveCfg = Debug|Any CPU
		{A379BD75-641E-45B2-9C10-86BA5388313C}.Debug|x86.ActiveCfg = Debug|Any CPU
		{A379BD75-641E-45B2-9C10-86BA5388313C}.Release|Any CPU.ActiveCfg = Release|Any CPU
		{A379BD75-641E-45B2-9C10-86BA5388313C}.Release|Any CPU.Build.0 = Release|Any CPU
		{A379BD75-641E-45B2-9C10-86BA5388313C}.Release|Mixed Platforms.ActiveCfg = Release|Any CPU
		{A379BD75-641E-45B2-9C10-86BA5388313C}.Release|Mixed Platforms.Build.0 = Release|Any CPU
		{A379BD75-641E-45B2-9C10-86BA5388313C}.Release|x64.ActiveCfg = Release|Any CPU
		{A379BD75-641E-45B2-9C10-86BA5388313C}.Release|x86.ActiveCfg = Release|Any CPU
		{F1E0EEA3-1801-4F38-B7B9-E3ECDBF3978F}.Debug|Any CPU.ActiveCfg = Debug|Any CPU
		{F1E0EEA3-1801-4F38-B7B9-E3ECDBF3978F}.Debug|Any CPU.Build.0 = Debug|Any CPU
		{F1E0EEA3-1801-4F38-B7B9-E3ECDBF3978F}.Debug|Mixed Platforms.ActiveCfg = Debug|Any CPU
		{F1E0EEA3-1801-4F38-B7B9-E3ECDBF3978F}.Debug|Mixed Platforms.Build.0 = Debug|Any CPU
		{F1E0EEA3-1801-4F38-B7B9-E3ECDBF3978F}.Debug|x64.ActiveCfg = Debug|Any CPU
		{F1E0EEA3-1801-4F38-B7B9-E3ECDBF3978F}.Debug|x86.ActiveCfg = Debug|Any CPU
		{F1E0EEA3-1801-4F38-B7B9-E3ECDBF3978F}.Release|Any CPU.ActiveCfg = Release|Any CPU
		{F1E0EEA3-1801-4F38-B7B9-E3ECDBF3978F}.Release|Any CPU.Build.0 = Release|Any CPU
		{F1E0EEA3-1801-4F38-B7B9-E3ECDBF3978F}.Release|Mixed Platforms.ActiveCfg = Release|Any CPU
		{F1E0EEA3-1801-4F38-B7B9-E3ECDBF3978F}.Release|Mixed Platforms.Build.0 = Release|Any CPU
		{F1E0EEA3-1801-4F38-B7B9-E3ECDBF3978F}.Release|x64.ActiveCfg = Release|Any CPU
		{F1E0EEA3-1801-4F38-B7B9-E3ECDBF3978F}.Release|x86.ActiveCfg = Release|Any CPU
		{278039E8-96C0-465F-8595-69F414D750B8}.Debug|Any CPU.ActiveCfg = Debug|Any CPU
		{278039E8-96C0-465F-8595-69F414D750B8}.Debug|Any CPU.Build.0 = Debug|Any CPU
		{278039E8-96C0-465F-8595-69F414D750B8}.Debug|Mixed Platforms.ActiveCfg = Debug|Any CPU
		{278039E8-96C0-465F-8595-69F414D750B8}.Debug|Mixed Platforms.Build.0 = Debug|Any CPU
		{278039E8-96C0-465F-8595-69F414D750B8}.Debug|x64.ActiveCfg = Debug|Any CPU
		{278039E8-96C0-465F-8595-69F414D750B8}.Debug|x86.ActiveCfg = Debug|Any CPU
		{278039E8-96C0-465F-8595-69F414D750B8}.Release|Any CPU.ActiveCfg = Release|Any CPU
		{278039E8-96C0-465F-8595-69F414D750B8}.Release|Any CPU.Build.0 = Release|Any CPU
		{278039E8-96C0-465F-8595-69F414D750B8}.Release|Mixed Platforms.ActiveCfg = Release|Any CPU
		{278039E8-96C0-465F-8595-69F414D750B8}.Release|Mixed Platforms.Build.0 = Release|Any CPU
		{278039E8-96C0-465F-8595-69F414D750B8}.Release|x64.ActiveCfg = Release|Any CPU
		{278039E8-96C0-465F-8595-69F414D750B8}.Release|x86.ActiveCfg = Release|Any CPU
		{8474DDB7-3B73-4117-8B4F-66C088FF944F}.Debug|Any CPU.ActiveCfg = Debug|Any CPU
		{8474DDB7-3B73-4117-8B4F-66C088FF944F}.Debug|Any CPU.Build.0 = Debug|Any CPU
		{8474DDB7-3B73-4117-8B4F-66C088FF944F}.Debug|Mixed Platforms.ActiveCfg = Debug|Any CPU
		{8474DDB7-3B73-4117-8B4F-66C088FF944F}.Debug|Mixed Platforms.Build.0 = Debug|Any CPU
		{8474DDB7-3B73-4117-8B4F-66C088FF944F}.Debug|x64.ActiveCfg = Debug|Any CPU
		{8474DDB7-3B73-4117-8B4F-66C088FF944F}.Debug|x86.ActiveCfg = Debug|Any CPU
		{8474DDB7-3B73-4117-8B4F-66C088FF944F}.Release|Any CPU.ActiveCfg = Release|Any CPU
		{8474DDB7-3B73-4117-8B4F-66C088FF944F}.Release|Any CPU.Build.0 = Release|Any CPU
		{8474DDB7-3B73-4117-8B4F-66C088FF944F}.Release|Mixed Platforms.ActiveCfg = Release|Any CPU
		{8474DDB7-3B73-4117-8B4F-66C088FF944F}.Release|Mixed Platforms.Build.0 = Release|Any CPU
		{8474DDB7-3B73-4117-8B4F-66C088FF944F}.Release|x64.ActiveCfg = Release|Any CPU
		{8474DDB7-3B73-4117-8B4F-66C088FF944F}.Release|x86.ActiveCfg = Release|Any CPU
		{6286F950-CC88-493A-8139-84F3A3BF3A04}.Debug|Any CPU.ActiveCfg = Debug|Any CPU
		{6286F950-CC88-493A-8139-84F3A3BF3A04}.Debug|Any CPU.Build.0 = Debug|Any CPU
		{6286F950-CC88-493A-8139-84F3A3BF3A04}.Debug|Mixed Platforms.ActiveCfg = Debug|Any CPU
		{6286F950-CC88-493A-8139-84F3A3BF3A04}.Debug|Mixed Platforms.Build.0 = Debug|Any CPU
		{6286F950-CC88-493A-8139-84F3A3BF3A04}.Debug|x64.ActiveCfg = Debug|Any CPU
		{6286F950-CC88-493A-8139-84F3A3BF3A04}.Debug|x86.ActiveCfg = Debug|Any CPU
		{6286F950-CC88-493A-8139-84F3A3BF3A04}.Release|Any CPU.ActiveCfg = Release|Any CPU
		{6286F950-CC88-493A-8139-84F3A3BF3A04}.Release|Any CPU.Build.0 = Release|Any CPU
		{6286F950-CC88-493A-8139-84F3A3BF3A04}.Release|Mixed Platforms.ActiveCfg = Release|Any CPU
		{6286F950-CC88-493A-8139-84F3A3BF3A04}.Release|Mixed Platforms.Build.0 = Release|Any CPU
		{6286F950-CC88-493A-8139-84F3A3BF3A04}.Release|x64.ActiveCfg = Release|Any CPU
		{6286F950-CC88-493A-8139-84F3A3BF3A04}.Release|x86.ActiveCfg = Release|Any CPU
		{824CC8FB-4F88-4E5F-959C-DEFCB3F03710}.Debug|Any CPU.ActiveCfg = Debug|Any CPU
		{824CC8FB-4F88-4E5F-959C-DEFCB3F03710}.Debug|Any CPU.Build.0 = Debug|Any CPU
		{824CC8FB-4F88-4E5F-959C-DEFCB3F03710}.Debug|Mixed Platforms.ActiveCfg = Debug|Any CPU
		{824CC8FB-4F88-4E5F-959C-DEFCB3F03710}.Debug|Mixed Platforms.Build.0 = Debug|Any CPU
		{824CC8FB-4F88-4E5F-959C-DEFCB3F03710}.Debug|x64.ActiveCfg = Debug|Any CPU
		{824CC8FB-4F88-4E5F-959C-DEFCB3F03710}.Debug|x86.ActiveCfg = Debug|Any CPU
		{824CC8FB-4F88-4E5F-959C-DEFCB3F03710}.Release|Any CPU.ActiveCfg = Release|Any CPU
		{824CC8FB-4F88-4E5F-959C-DEFCB3F03710}.Release|Any CPU.Build.0 = Release|Any CPU
		{824CC8FB-4F88-4E5F-959C-DEFCB3F03710}.Release|Mixed Platforms.ActiveCfg = Release|Any CPU
		{824CC8FB-4F88-4E5F-959C-DEFCB3F03710}.Release|Mixed Platforms.Build.0 = Release|Any CPU
		{824CC8FB-4F88-4E5F-959C-DEFCB3F03710}.Release|x64.ActiveCfg = Release|Any CPU
		{824CC8FB-4F88-4E5F-959C-DEFCB3F03710}.Release|x86.ActiveCfg = Release|Any CPU
		{2A811637-E4F3-4B69-9D43-193E0F67B004}.Debug|Any CPU.ActiveCfg = Debug|Any CPU
		{2A811637-E4F3-4B69-9D43-193E0F67B004}.Debug|Any CPU.Build.0 = Debug|Any CPU
		{2A811637-E4F3-4B69-9D43-193E0F67B004}.Debug|Mixed Platforms.ActiveCfg = Debug|Any CPU
		{2A811637-E4F3-4B69-9D43-193E0F67B004}.Debug|Mixed Platforms.Build.0 = Debug|Any CPU
		{2A811637-E4F3-4B69-9D43-193E0F67B004}.Debug|x64.ActiveCfg = Debug|Any CPU
		{2A811637-E4F3-4B69-9D43-193E0F67B004}.Debug|x86.ActiveCfg = Debug|Any CPU
		{2A811637-E4F3-4B69-9D43-193E0F67B004}.Release|Any CPU.ActiveCfg = Release|Any CPU
		{2A811637-E4F3-4B69-9D43-193E0F67B004}.Release|Any CPU.Build.0 = Release|Any CPU
		{2A811637-E4F3-4B69-9D43-193E0F67B004}.Release|Mixed Platforms.ActiveCfg = Release|Any CPU
		{2A811637-E4F3-4B69-9D43-193E0F67B004}.Release|Mixed Platforms.Build.0 = Release|Any CPU
		{2A811637-E4F3-4B69-9D43-193E0F67B004}.Release|x64.ActiveCfg = Release|Any CPU
		{2A811637-E4F3-4B69-9D43-193E0F67B004}.Release|x86.ActiveCfg = Release|Any CPU
		{469CA298-3F34-43E3-9BC2-9EF313351837}.Debug|Any CPU.ActiveCfg = Debug|Any CPU
		{469CA298-3F34-43E3-9BC2-9EF313351837}.Debug|Any CPU.Build.0 = Debug|Any CPU
		{469CA298-3F34-43E3-9BC2-9EF313351837}.Debug|Mixed Platforms.ActiveCfg = Debug|Any CPU
		{469CA298-3F34-43E3-9BC2-9EF313351837}.Debug|Mixed Platforms.Build.0 = Debug|Any CPU
		{469CA298-3F34-43E3-9BC2-9EF313351837}.Debug|x64.ActiveCfg = Debug|Any CPU
		{469CA298-3F34-43E3-9BC2-9EF313351837}.Debug|x86.ActiveCfg = Debug|Any CPU
		{469CA298-3F34-43E3-9BC2-9EF313351837}.Release|Any CPU.ActiveCfg = Release|Any CPU
		{469CA298-3F34-43E3-9BC2-9EF313351837}.Release|Any CPU.Build.0 = Release|Any CPU
		{469CA298-3F34-43E3-9BC2-9EF313351837}.Release|Mixed Platforms.ActiveCfg = Release|Any CPU
		{469CA298-3F34-43E3-9BC2-9EF313351837}.Release|Mixed Platforms.Build.0 = Release|Any CPU
		{469CA298-3F34-43E3-9BC2-9EF313351837}.Release|x64.ActiveCfg = Release|Any CPU
		{469CA298-3F34-43E3-9BC2-9EF313351837}.Release|x86.ActiveCfg = Release|Any CPU
		{DB437030-BC7C-4B70-855C-1736F704C3F6}.Debug|Any CPU.ActiveCfg = Debug|Any CPU
		{DB437030-BC7C-4B70-855C-1736F704C3F6}.Debug|Any CPU.Build.0 = Debug|Any CPU
		{DB437030-BC7C-4B70-855C-1736F704C3F6}.Debug|Mixed Platforms.ActiveCfg = Debug|Any CPU
		{DB437030-BC7C-4B70-855C-1736F704C3F6}.Debug|Mixed Platforms.Build.0 = Debug|Any CPU
		{DB437030-BC7C-4B70-855C-1736F704C3F6}.Debug|x64.ActiveCfg = Debug|Any CPU
		{DB437030-BC7C-4B70-855C-1736F704C3F6}.Debug|x86.ActiveCfg = Debug|Any CPU
		{DB437030-BC7C-4B70-855C-1736F704C3F6}.Release|Any CPU.ActiveCfg = Release|Any CPU
		{DB437030-BC7C-4B70-855C-1736F704C3F6}.Release|Any CPU.Build.0 = Release|Any CPU
		{DB437030-BC7C-4B70-855C-1736F704C3F6}.Release|Mixed Platforms.ActiveCfg = Release|Any CPU
		{DB437030-BC7C-4B70-855C-1736F704C3F6}.Release|Mixed Platforms.Build.0 = Release|Any CPU
		{DB437030-BC7C-4B70-855C-1736F704C3F6}.Release|x64.ActiveCfg = Release|Any CPU
		{DB437030-BC7C-4B70-855C-1736F704C3F6}.Release|x86.ActiveCfg = Release|Any CPU
		{C022C860-39E7-46C7-B2B1-B704B9DD4FFB}.Debug|Any CPU.ActiveCfg = Debug|Any CPU
		{C022C860-39E7-46C7-B2B1-B704B9DD4FFB}.Debug|Any CPU.Build.0 = Debug|Any CPU
		{C022C860-39E7-46C7-B2B1-B704B9DD4FFB}.Debug|Mixed Platforms.ActiveCfg = Debug|Any CPU
		{C022C860-39E7-46C7-B2B1-B704B9DD4FFB}.Debug|Mixed Platforms.Build.0 = Debug|Any CPU
		{C022C860-39E7-46C7-B2B1-B704B9DD4FFB}.Debug|x64.ActiveCfg = Debug|Any CPU
		{C022C860-39E7-46C7-B2B1-B704B9DD4FFB}.Debug|x86.ActiveCfg = Debug|Any CPU
		{C022C860-39E7-46C7-B2B1-B704B9DD4FFB}.Release|Any CPU.ActiveCfg = Release|Any CPU
		{C022C860-39E7-46C7-B2B1-B704B9DD4FFB}.Release|Any CPU.Build.0 = Release|Any CPU
		{C022C860-39E7-46C7-B2B1-B704B9DD4FFB}.Release|Mixed Platforms.ActiveCfg = Release|Any CPU
		{C022C860-39E7-46C7-B2B1-B704B9DD4FFB}.Release|Mixed Platforms.Build.0 = Release|Any CPU
		{C022C860-39E7-46C7-B2B1-B704B9DD4FFB}.Release|x64.ActiveCfg = Release|Any CPU
		{C022C860-39E7-46C7-B2B1-B704B9DD4FFB}.Release|x86.ActiveCfg = Release|Any CPU
	EndGlobalSection
	GlobalSection(SolutionProperties) = preSolution
		HideSolutionNode = FALSE
	EndGlobalSection
	GlobalSection(NestedProjects) = preSolution
		{43AE0962-0460-4BA1-B044-15959D1EE165} = {C3AF30B0-68AD-484D-B714-6DFFA9A10BC9}
		{A379BD75-641E-45B2-9C10-86BA5388313C} = {C3AF30B0-68AD-484D-B714-6DFFA9A10BC9}
		{F1E0EEA3-1801-4F38-B7B9-E3ECDBF3978F} = {C3AF30B0-68AD-484D-B714-6DFFA9A10BC9}
		{6286F950-CC88-493A-8139-84F3A3BF3A04} = {C3AF30B0-68AD-484D-B714-6DFFA9A10BC9}
		{0D18F413-ADDF-4B4B-B4BF-E01C52BC8971} = {908408D4-D744-4AA7-B914-8EB691EA6867}
		{278039E8-96C0-465F-8595-69F414D750B8} = {908408D4-D744-4AA7-B914-8EB691EA6867}
		{8474DDB7-3B73-4117-8B4F-66C088FF944F} = {908408D4-D744-4AA7-B914-8EB691EA6867}
		{824CC8FB-4F88-4E5F-959C-DEFCB3F03710} = {908408D4-D744-4AA7-B914-8EB691EA6867}
		{2A811637-E4F3-4B69-9D43-193E0F67B004} = {908408D4-D744-4AA7-B914-8EB691EA6867}
		{469CA298-3F34-43E3-9BC2-9EF313351837} = {908408D4-D744-4AA7-B914-8EB691EA6867}
		{DB437030-BC7C-4B70-855C-1736F704C3F6} = {908408D4-D744-4AA7-B914-8EB691EA6867}
		{C022C860-39E7-46C7-B2B1-B704B9DD4FFB} = {908408D4-D744-4AA7-B914-8EB691EA6867}
	EndGlobalSection
EndGlobal
